// !$*UTF8*$!
{
	archiveVersion = 1;
	classes = {
	};
	objectVersion = 50;
	objects = {

/* Begin PBXBuildFile section */
		FE067BB821FCC446000EDB5D /* AppDelegate.swift in Sources */ = {isa = PBXBuildFile; fileRef = FE067BB721FCC446000EDB5D /* AppDelegate.swift */; };
		FE067BBA21FCC446000EDB5D /* ViewController.swift in Sources */ = {isa = PBXBuildFile; fileRef = FE067BB921FCC446000EDB5D /* ViewController.swift */; };
		FE067BBD21FCC446000EDB5D /* Main.storyboard in Resources */ = {isa = PBXBuildFile; fileRef = FE067BBB21FCC446000EDB5D /* Main.storyboard */; };
		FE067BBF21FCC447000EDB5D /* Assets.xcassets in Resources */ = {isa = PBXBuildFile; fileRef = FE067BBE21FCC447000EDB5D /* Assets.xcassets */; };
		FE067BC221FCC447000EDB5D /* LaunchScreen.storyboard in Resources */ = {isa = PBXBuildFile; fileRef = FE067BC021FCC447000EDB5D /* LaunchScreen.storyboard */; };
		FE067BCD21FCC447000EDB5D /* SecureBlockTests.swift in Sources */ = {isa = PBXBuildFile; fileRef = FE067BCC21FCC447000EDB5D /* SecureBlockTests.swift */; };
		FE067BD821FCC447000EDB5D /* SecureBlockUITests.swift in Sources */ = {isa = PBXBuildFile; fileRef = FE067BD721FCC447000EDB5D /* SecureBlockUITests.swift */; };
/* End PBXBuildFile section */

/* Begin PBXContainerItemProxy section */
		FE067BC921FCC447000EDB5D /* PBXContainerItemProxy */ = {
			isa = PBXContainerItemProxy;
			containerPortal = FE067BAC21FCC445000EDB5D /* Project object */;
			proxyType = 1;
			remoteGlobalIDString = FE067BB321FCC446000EDB5D;
			remoteInfo = SecureBlock;
		};
		FE067BD421FCC447000EDB5D /* PBXContainerItemProxy */ = {
			isa = PBXContainerItemProxy;
			containerPortal = FE067BAC21FCC445000EDB5D /* Project object */;
			proxyType = 1;
			remoteGlobalIDString = FE067BB321FCC446000EDB5D;
			remoteInfo = SecureBlock;
		};
/* End PBXContainerItemProxy section */

/* Begin PBXFileReference section */
		FE067BB421FCC446000EDB5D /* SecureBlock.app */ = {isa = PBXFileReference; explicitFileType = wrapper.application; includeInIndex = 0; path = SecureBlock.app; sourceTree = BUILT_PRODUCTS_DIR; };
		FE067BB721FCC446000EDB5D /* AppDelegate.swift */ = {isa = PBXFileReference; lastKnownFileType = sourcecode.swift; path = AppDelegate.swift; sourceTree = "<group>"; };
		FE067BB921FCC446000EDB5D /* ViewController.swift */ = {isa = PBXFileReference; lastKnownFileType = sourcecode.swift; path = ViewController.swift; sourceTree = "<group>"; };
		FE067BBC21FCC446000EDB5D /* Base */ = {isa = PBXFileReference; lastKnownFileType = file.storyboard; name = Base; path = Base.lproj/Main.storyboard; sourceTree = "<group>"; };
		FE067BBE21FCC447000EDB5D /* Assets.xcassets */ = {isa = PBXFileReference; lastKnownFileType = folder.assetcatalog; path = Assets.xcassets; sourceTree = "<group>"; };
		FE067BC121FCC447000EDB5D /* Base */ = {isa = PBXFileReference; lastKnownFileType = file.storyboard; name = Base; path = Base.lproj/LaunchScreen.storyboard; sourceTree = "<group>"; };
		FE067BC321FCC447000EDB5D /* Info.plist */ = {isa = PBXFileReference; lastKnownFileType = text.plist.xml; path = Info.plist; sourceTree = "<group>"; };
		FE067BC821FCC447000EDB5D /* SecureBlockTests.xctest */ = {isa = PBXFileReference; explicitFileType = wrapper.cfbundle; includeInIndex = 0; path = SecureBlockTests.xctest; sourceTree = BUILT_PRODUCTS_DIR; };
		FE067BCC21FCC447000EDB5D /* SecureBlockTests.swift */ = {isa = PBXFileReference; lastKnownFileType = sourcecode.swift; path = SecureBlockTests.swift; sourceTree = "<group>"; };
		FE067BCE21FCC447000EDB5D /* Info.plist */ = {isa = PBXFileReference; lastKnownFileType = text.plist.xml; path = Info.plist; sourceTree = "<group>"; };
		FE067BD321FCC447000EDB5D /* SecureBlockUITests.xctest */ = {isa = PBXFileReference; explicitFileType = wrapper.cfbundle; includeInIndex = 0; path = SecureBlockUITests.xctest; sourceTree = BUILT_PRODUCTS_DIR; };
		FE067BD721FCC447000EDB5D /* SecureBlockUITests.swift */ = {isa = PBXFileReference; lastKnownFileType = sourcecode.swift; path = SecureBlockUITests.swift; sourceTree = "<group>"; };
		FE067BD921FCC447000EDB5D /* Info.plist */ = {isa = PBXFileReference; lastKnownFileType = text.plist.xml; path = Info.plist; sourceTree = "<group>"; };
/* End PBXFileReference section */

/* Begin PBXFrameworksBuildPhase section */
		FE067BB121FCC446000EDB5D /* Frameworks */ = {
			isa = PBXFrameworksBuildPhase;
			buildActionMask = 2147483647;
			files = (
			);
			runOnlyForDeploymentPostprocessing = 0;
		};
		FE067BC521FCC447000EDB5D /* Frameworks */ = {
			isa = PBXFrameworksBuildPhase;
			buildActionMask = 2147483647;
			files = (
			);
			runOnlyForDeploymentPostprocessing = 0;
		};
		FE067BD021FCC447000EDB5D /* Frameworks */ = {
			isa = PBXFrameworksBuildPhase;
			buildActionMask = 2147483647;
			files = (
			);
			runOnlyForDeploymentPostprocessing = 0;
		};
/* End PBXFrameworksBuildPhase section */

/* Begin PBXGroup section */
		FE067BAB21FCC445000EDB5D = {
			isa = PBXGroup;
			children = (
				FE067BB621FCC446000EDB5D /* SecureBlock */,
				FE067BCB21FCC447000EDB5D /* SecureBlockTests */,
				FE067BD621FCC447000EDB5D /* SecureBlockUITests */,
				FE067BB521FCC446000EDB5D /* Products */,
			);
			sourceTree = "<group>";
		};
		FE067BB521FCC446000EDB5D /* Products */ = {
			isa = PBXGroup;
			children = (
				FE067BB421FCC446000EDB5D /* SecureBlock.app */,
				FE067BC821FCC447000EDB5D /* SecureBlockTests.xctest */,
				FE067BD321FCC447000EDB5D /* SecureBlockUITests.xctest */,
			);
			name = Products;
			sourceTree = "<group>";
		};
		FE067BB621FCC446000EDB5D /* SecureBlock */ = {
			isa = PBXGroup;
			children = (
				FE067BB721FCC446000EDB5D /* AppDelegate.swift */,
				FE067BB921FCC446000EDB5D /* ViewController.swift */,
				FE067BBB21FCC446000EDB5D /* Main.storyboard */,
				FE067BBE21FCC447000EDB5D /* Assets.xcassets */,
				FE067BC021FCC447000EDB5D /* LaunchScreen.storyboard */,
				FE067BC321FCC447000EDB5D /* Info.plist */,
			);
			path = SecureBlock;
			sourceTree = "<group>";
		};
		FE067BCB21FCC447000EDB5D /* SecureBlockTests */ = {
			isa = PBXGroup;
			children = (
				FE067BCC21FCC447000EDB5D /* SecureBlockTests.swift */,
				FE067BCE21FCC447000EDB5D /* Info.plist */,
			);
			path = SecureBlockTests;
			sourceTree = "<group>";
		};
		FE067BD621FCC447000EDB5D /* SecureBlockUITests */ = {
			isa = PBXGroup;
			children = (
				FE067BD721FCC447000EDB5D /* SecureBlockUITests.swift */,
				FE067BD921FCC447000EDB5D /* Info.plist */,
			);
			path = SecureBlockUITests;
			sourceTree = "<group>";
		};
/* End PBXGroup section */

/* Begin PBXNativeTarget section */
		FE067BB321FCC446000EDB5D /* SecureBlock */ = {
			isa = PBXNativeTarget;
			buildConfigurationList = FE067BDC21FCC447000EDB5D /* Build configuration list for PBXNativeTarget "SecureBlock" */;
			buildPhases = (
				FE067BB021FCC446000EDB5D /* Sources */,
				FE067BB121FCC446000EDB5D /* Frameworks */,
				FE067BB221FCC446000EDB5D /* Resources */,
			);
			buildRules = (
			);
			dependencies = (
			);
			name = SecureBlock;
			productName = SecureBlock;
			productReference = FE067BB421FCC446000EDB5D /* SecureBlock.app */;
			productType = "com.apple.product-type.application";
		};
		FE067BC721FCC447000EDB5D /* SecureBlockTests */ = {
			isa = PBXNativeTarget;
			buildConfigurationList = FE067BDF21FCC447000EDB5D /* Build configuration list for PBXNativeTarget "SecureBlockTests" */;
			buildPhases = (
				FE067BC421FCC447000EDB5D /* Sources */,
				FE067BC521FCC447000EDB5D /* Frameworks */,
				FE067BC621FCC447000EDB5D /* Resources */,
			);
			buildRules = (
			);
			dependencies = (
				FE067BCA21FCC447000EDB5D /* PBXTargetDependency */,
			);
			name = SecureBlockTests;
			productName = SecureBlockTests;
			productReference = FE067BC821FCC447000EDB5D /* SecureBlockTests.xctest */;
			productType = "com.apple.product-type.bundle.unit-test";
		};
		FE067BD221FCC447000EDB5D /* SecureBlockUITests */ = {
			isa = PBXNativeTarget;
			buildConfigurationList = FE067BE221FCC447000EDB5D /* Build configuration list for PBXNativeTarget "SecureBlockUITests" */;
			buildPhases = (
				FE067BCF21FCC447000EDB5D /* Sources */,
				FE067BD021FCC447000EDB5D /* Frameworks */,
				FE067BD121FCC447000EDB5D /* Resources */,
			);
			buildRules = (
			);
			dependencies = (
				FE067BD521FCC447000EDB5D /* PBXTargetDependency */,
			);
			name = SecureBlockUITests;
			productName = SecureBlockUITests;
			productReference = FE067BD321FCC447000EDB5D /* SecureBlockUITests.xctest */;
			productType = "com.apple.product-type.bundle.ui-testing";
		};
/* End PBXNativeTarget section */

/* Begin PBXProject section */
		FE067BAC21FCC445000EDB5D /* Project object */ = {
			isa = PBXProject;
			attributes = {
				LastSwiftUpdateCheck = 1010;
				LastUpgradeCheck = 1010;
				ORGANIZATIONNAME = "Zach Kagin";
				TargetAttributes = {
					FE067BB321FCC446000EDB5D = {
						CreatedOnToolsVersion = 10.1;
					};
					FE067BC721FCC447000EDB5D = {
						CreatedOnToolsVersion = 10.1;
						TestTargetID = FE067BB321FCC446000EDB5D;
					};
					FE067BD221FCC447000EDB5D = {
						CreatedOnToolsVersion = 10.1;
						TestTargetID = FE067BB321FCC446000EDB5D;
					};
				};
			};
			buildConfigurationList = FE067BAF21FCC446000EDB5D /* Build configuration list for PBXProject "SecureBlock" */;
			compatibilityVersion = "Xcode 9.3";
			developmentRegion = en;
			hasScannedForEncodings = 0;
			knownRegions = (
				en,
				Base,
			);
			mainGroup = FE067BAB21FCC445000EDB5D;
			productRefGroup = FE067BB521FCC446000EDB5D /* Products */;
			projectDirPath = "";
			projectRoot = "";
			targets = (
				FE067BB321FCC446000EDB5D /* SecureBlock */,
				FE067BC721FCC447000EDB5D /* SecureBlockTests */,
				FE067BD221FCC447000EDB5D /* SecureBlockUITests */,
			);
		};
/* End PBXProject section */

/* Begin PBXResourcesBuildPhase section */
		FE067BB221FCC446000EDB5D /* Resources */ = {
			isa = PBXResourcesBuildPhase;
			buildActionMask = 2147483647;
			files = (
				FE067BC221FCC447000EDB5D /* LaunchScreen.storyboard in Resources */,
				FE067BBF21FCC447000EDB5D /* Assets.xcassets in Resources */,
				FE067BBD21FCC446000EDB5D /* Main.storyboard in Resources */,
			);
			runOnlyForDeploymentPostprocessing = 0;
		};
		FE067BC621FCC447000EDB5D /* Resources */ = {
			isa = PBXResourcesBuildPhase;
			buildActionMask = 2147483647;
			files = (
			);
			runOnlyForDeploymentPostprocessing = 0;
		};
		FE067BD121FCC447000EDB5D /* Resources */ = {
			isa = PBXResourcesBuildPhase;
			buildActionMask = 2147483647;
			files = (
			);
			runOnlyForDeploymentPostprocessing = 0;
		};
/* End PBXResourcesBuildPhase section */

/* Begin PBXSourcesBuildPhase section */
		FE067BB021FCC446000EDB5D /* Sources */ = {
			isa = PBXSourcesBuildPhase;
			buildActionMask = 2147483647;
			files = (
				FE067BBA21FCC446000EDB5D /* ViewController.swift in Sources */,
				FE067BB821FCC446000EDB5D /* AppDelegate.swift in Sources */,
			);
			runOnlyForDeploymentPostprocessing = 0;
		};
		FE067BC421FCC447000EDB5D /* Sources */ = {
			isa = PBXSourcesBuildPhase;
			buildActionMask = 2147483647;
			files = (
				FE067BCD21FCC447000EDB5D /* SecureBlockTests.swift in Sources */,
			);
			runOnlyForDeploymentPostprocessing = 0;
		};
		FE067BCF21FCC447000EDB5D /* Sources */ = {
			isa = PBXSourcesBuildPhase;
			buildActionMask = 2147483647;
			files = (
				FE067BD821FCC447000EDB5D /* SecureBlockUITests.swift in Sources */,
			);
			runOnlyForDeploymentPostprocessing = 0;
		};
/* End PBXSourcesBuildPhase section */

/* Begin PBXTargetDependency section */
		FE067BCA21FCC447000EDB5D /* PBXTargetDependency */ = {
			isa = PBXTargetDependency;
			target = FE067BB321FCC446000EDB5D /* SecureBlock */;
			targetProxy = FE067BC921FCC447000EDB5D /* PBXContainerItemProxy */;
		};
		FE067BD521FCC447000EDB5D /* PBXTargetDependency */ = {
			isa = PBXTargetDependency;
			target = FE067BB321FCC446000EDB5D /* SecureBlock */;
			targetProxy = FE067BD421FCC447000EDB5D /* PBXContainerItemProxy */;
		};
/* End PBXTargetDependency section */

/* Begin PBXVariantGroup section */
		FE067BBB21FCC446000EDB5D /* Main.storyboard */ = {
			isa = PBXVariantGroup;
			children = (
				FE067BBC21FCC446000EDB5D /* Base */,
			);
			name = Main.storyboard;
			sourceTree = "<group>";
		};
		FE067BC021FCC447000EDB5D /* LaunchScreen.storyboard */ = {
			isa = PBXVariantGroup;
			children = (
				FE067BC121FCC447000EDB5D /* Base */,
			);
			name = LaunchScreen.storyboard;
			sourceTree = "<group>";
		};
/* End PBXVariantGroup section */

/* Begin XCBuildConfiguration section */
		FE067BDA21FCC447000EDB5D /* Debug */ = {
			isa = XCBuildConfiguration;
			buildSettings = {
				ALWAYS_SEARCH_USER_PATHS = NO;
				CLANG_ANALYZER_NONNULL = YES;
				CLANG_ANALYZER_NUMBER_OBJECT_CONVERSION = YES_AGGRESSIVE;
				CLANG_CXX_LANGUAGE_STANDARD = "gnu++14";
				CLANG_CXX_LIBRARY = "libc++";
				CLANG_ENABLE_MODULES = YES;
				CLANG_ENABLE_OBJC_ARC = YES;
				CLANG_ENABLE_OBJC_WEAK = YES;
				CLANG_WARN_BLOCK_CAPTURE_AUTORELEASING = YES;
				CLANG_WARN_BOOL_CONVERSION = YES;
				CLANG_WARN_COMMA = YES;
				CLANG_WARN_CONSTANT_CONVERSION = YES;
				CLANG_WARN_DEPRECATED_OBJC_IMPLEMENTATIONS = YES;
				CLANG_WARN_DIRECT_OBJC_ISA_USAGE = YES_ERROR;
				CLANG_WARN_DOCUMENTATION_COMMENTS = YES;
				CLANG_WARN_EMPTY_BODY = YES;
				CLANG_WARN_ENUM_CONVERSION = YES;
				CLANG_WARN_INFINITE_RECURSION = YES;
				CLANG_WARN_INT_CONVERSION = YES;
				CLANG_WARN_NON_LITERAL_NULL_CONVERSION = YES;
				CLANG_WARN_OBJC_IMPLICIT_RETAIN_SELF = YES;
				CLANG_WARN_OBJC_LITERAL_CONVERSION = YES;
				CLANG_WARN_OBJC_ROOT_CLASS = YES_ERROR;
				CLANG_WARN_RANGE_LOOP_ANALYSIS = YES;
				CLANG_WARN_STRICT_PROTOTYPES = YES;
				CLANG_WARN_SUSPICIOUS_MOVE = YES;
				CLANG_WARN_UNGUARDED_AVAILABILITY = YES_AGGRESSIVE;
				CLANG_WARN_UNREACHABLE_CODE = YES;
				CLANG_WARN__DUPLICATE_METHOD_MATCH = YES;
				CODE_SIGN_IDENTITY = "iPhone Developer";
				COPY_PHASE_STRIP = NO;
				DEBUG_INFORMATION_FORMAT = dwarf;
				ENABLE_STRICT_OBJC_MSGSEND = YES;
				ENABLE_TESTABILITY = YES;
				GCC_C_LANGUAGE_STANDARD = gnu11;
				GCC_DYNAMIC_NO_PIC = NO;
				GCC_NO_COMMON_BLOCKS = YES;
				GCC_OPTIMIZATION_LEVEL = 0;
				GCC_PREPROCESSOR_DEFINITIONS = (
					"DEBUG=1",
					"$(inherited)",
				);
				GCC_WARN_64_TO_32_BIT_CONVERSION = YES;
				GCC_WARN_ABOUT_RETURN_TYPE = YES_ERROR;
				GCC_WARN_UNDECLARED_SELECTOR = YES;
				GCC_WARN_UNINITIALIZED_AUTOS = YES_AGGRESSIVE;
				GCC_WARN_UNUSED_FUNCTION = YES;
				GCC_WARN_UNUSED_VARIABLE = YES;
				IPHONEOS_DEPLOYMENT_TARGET = 12.1;
				MTL_ENABLE_DEBUG_INFO = INCLUDE_SOURCE;
				MTL_FAST_MATH = YES;
				ONLY_ACTIVE_ARCH = YES;
				SDKROOT = iphoneos;
				SWIFT_ACTIVE_COMPILATION_CONDITIONS = DEBUG;
				SWIFT_OPTIMIZATION_LEVEL = "-Onone";
			};
			name = Debug;
		};
		FE067BDB21FCC447000EDB5D /* Release */ = {
			isa = XCBuildConfiguration;
			buildSettings = {
				ALWAYS_SEARCH_USER_PATHS = NO;
				CLANG_ANALYZER_NONNULL = YES;
				CLANG_ANALYZER_NUMBER_OBJECT_CONVERSION = YES_AGGRESSIVE;
				CLANG_CXX_LANGUAGE_STANDARD = "gnu++14";
				CLANG_CXX_LIBRARY = "libc++";
				CLANG_ENABLE_MODULES = YES;
				CLANG_ENABLE_OBJC_ARC = YES;
				CLANG_ENABLE_OBJC_WEAK = YES;
				CLANG_WARN_BLOCK_CAPTURE_AUTORELEASING = YES;
				CLANG_WARN_BOOL_CONVERSION = YES;
				CLANG_WARN_COMMA = YES;
				CLANG_WARN_CONSTANT_CONVERSION = YES;
				CLANG_WARN_DEPRECATED_OBJC_IMPLEMENTATIONS = YES;
				CLANG_WARN_DIRECT_OBJC_ISA_USAGE = YES_ERROR;
				CLANG_WARN_DOCUMENTATION_COMMENTS = YES;
				CLANG_WARN_EMPTY_BODY = YES;
				CLANG_WARN_ENUM_CONVERSION = YES;
				CLANG_WARN_INFINITE_RECURSION = YES;
				CLANG_WARN_INT_CONVERSION = YES;
				CLANG_WARN_NON_LITERAL_NULL_CONVERSION = YES;
				CLANG_WARN_OBJC_IMPLICIT_RETAIN_SELF = YES;
				CLANG_WARN_OBJC_LITERAL_CONVERSION = YES;
				CLANG_WARN_OBJC_ROOT_CLASS = YES_ERROR;
				CLANG_WARN_RANGE_LOOP_ANALYSIS = YES;
				CLANG_WARN_STRICT_PROTOTYPES = YES;
				CLANG_WARN_SUSPICIOUS_MOVE = YES;
				CLANG_WARN_UNGUARDED_AVAILABILITY = YES_AGGRESSIVE;
				CLANG_WARN_UNREACHABLE_CODE = YES;
				CLANG_WARN__DUPLICATE_METHOD_MATCH = YES;
				CODE_SIGN_IDENTITY = "iPhone Developer";
				COPY_PHASE_STRIP = NO;
				DEBUG_INFORMATION_FORMAT = "dwarf-with-dsym";
				ENABLE_NS_ASSERTIONS = NO;
				ENABLE_STRICT_OBJC_MSGSEND = YES;
				GCC_C_LANGUAGE_STANDARD = gnu11;
				GCC_NO_COMMON_BLOCKS = YES;
				GCC_WARN_64_TO_32_BIT_CONVERSION = YES;
				GCC_WARN_ABOUT_RETURN_TYPE = YES_ERROR;
				GCC_WARN_UNDECLARED_SELECTOR = YES;
				GCC_WARN_UNINITIALIZED_AUTOS = YES_AGGRESSIVE;
				GCC_WARN_UNUSED_FUNCTION = YES;
				GCC_WARN_UNUSED_VARIABLE = YES;
				IPHONEOS_DEPLOYMENT_TARGET = 12.1;
				MTL_ENABLE_DEBUG_INFO = NO;
				MTL_FAST_MATH = YES;
				SDKROOT = iphoneos;
				SWIFT_COMPILATION_MODE = wholemodule;
				SWIFT_OPTIMIZATION_LEVEL = "-O";
				VALIDATE_PRODUCT = YES;
			};
			name = Release;
		};
		FE067BDD21FCC447000EDB5D /* Debug */ = {
			isa = XCBuildConfiguration;
			buildSettings = {
				ASSETCATALOG_COMPILER_APPICON_NAME = AppIcon;
				CODE_SIGN_STYLE = Automatic;
				INFOPLIST_FILE = SecureBlock/Info.plist;
				LD_RUNPATH_SEARCH_PATHS = (
					"$(inherited)",
					"@executable_path/Frameworks",
				);
				PRODUCT_BUNDLE_IDENTIFIER = kagin.SecureBlock;
				PRODUCT_NAME = "$(TARGET_NAME)";
				SWIFT_VERSION = 4.2;
				TARGETED_DEVICE_FAMILY = "1,2";
			};
			name = Debug;
		};
		FE067BDE21FCC447000EDB5D /* Release */ = {
			isa = XCBuildConfiguration;
			buildSettings = {
				ASSETCATALOG_COMPILER_APPICON_NAME = AppIcon;
				CODE_SIGN_STYLE = Automatic;
				INFOPLIST_FILE = SecureBlock/Info.plist;
				LD_RUNPATH_SEARCH_PATHS = (
					"$(inherited)",
					"@executable_path/Frameworks",
				);
				PRODUCT_BUNDLE_IDENTIFIER = kagin.SecureBlock;
				PRODUCT_NAME = "$(TARGET_NAME)";
				SWIFT_VERSION = 4.2;
				TARGETED_DEVICE_FAMILY = "1,2";
			};
			name = Release;
		};
		FE067BE021FCC447000EDB5D /* Debug */ = {
			isa = XCBuildConfiguration;
			buildSettings = {
				ALWAYS_EMBED_SWIFT_STANDARD_LIBRARIES = YES;
				BUNDLE_LOADER = "$(TEST_HOST)";
				CODE_SIGN_STYLE = Automatic;
				INFOPLIST_FILE = SecureBlockTests/Info.plist;
				LD_RUNPATH_SEARCH_PATHS = (
					"$(inherited)",
					"@executable_path/Frameworks",
					"@loader_path/Frameworks",
				);
				PRODUCT_BUNDLE_IDENTIFIER = kagin.SecureBlockTests;
				PRODUCT_NAME = "$(TARGET_NAME)";
				SWIFT_VERSION = 4.2;
				TARGETED_DEVICE_FAMILY = "1,2";
				TEST_HOST = "$(BUILT_PRODUCTS_DIR)/SecureBlock.app/SecureBlock";
			};
			name = Debug;
		};
		FE067BE121FCC447000EDB5D /* Release */ = {
			isa = XCBuildConfiguration;
			buildSettings = {
				ALWAYS_EMBED_SWIFT_STANDARD_LIBRARIES = YES;
				BUNDLE_LOADER = "$(TEST_HOST)";
				CODE_SIGN_STYLE = Automatic;
				INFOPLIST_FILE = SecureBlockTests/Info.plist;
				LD_RUNPATH_SEARCH_PATHS = (
					"$(inherited)",
					"@executable_path/Frameworks",
					"@loader_path/Frameworks",
				);
				PRODUCT_BUNDLE_IDENTIFIER = kagin.SecureBlockTests;
				PRODUCT_NAME = "$(TARGET_NAME)";
				SWIFT_VERSION = 4.2;
				TARGETED_DEVICE_FAMILY = "1,2";
				TEST_HOST = "$(BUILT_PRODUCTS_DIR)/SecureBlock.app/SecureBlock";
			};
			name = Release;
		};
		FE067BE321FCC447000EDB5D /* Debug */ = {
			isa = XCBuildConfiguration;
			buildSettings = {
				ALWAYS_EMBED_SWIFT_STANDARD_LIBRARIES = YES;
				CODE_SIGN_STYLE = Automatic;
				INFOPLIST_FILE = SecureBlockUITests/Info.plist;
				LD_RUNPATH_SEARCH_PATHS = (
					"$(inherited)",
					"@executable_path/Frameworks",
					"@loader_path/Frameworks",
				);
				PRODUCT_BUNDLE_IDENTIFIER = kagin.SecureBlockUITests;
				PRODUCT_NAME = "$(TARGET_NAME)";
				SWIFT_VERSION = 4.2;
				TARGETED_DEVICE_FAMILY = "1,2";
				TEST_TARGET_NAME = SecureBlock;
			};
			name = Debug;
		};
		FE067BE421FCC447000EDB5D /* Release */ = {
			isa = XCBuildConfiguration;
			buildSettings = {
				ALWAYS_EMBED_SWIFT_STANDARD_LIBRARIES = YES;
				CODE_SIGN_STYLE = Automatic;
				INFOPLIST_FILE = SecureBlockUITests/Info.plist;
				LD_RUNPATH_SEARCH_PATHS = (
					"$(inherited)",
					"@executable_path/Frameworks",
					"@loader_path/Frameworks",
				);
				PRODUCT_BUNDLE_IDENTIFIER = kagin.SecureBlockUITests;
				PRODUCT_NAME = "$(TARGET_NAME)";
				SWIFT_VERSION = 4.2;
				TARGETED_DEVICE_FAMILY = "1,2";
				TEST_TARGET_NAME = SecureBlock;
			};
			name = Release;
		};
/* End XCBuildConfiguration section */

/* Begin XCConfigurationList section */
		FE067BAF21FCC446000EDB5D /* Build configuration list for PBXProject "SecureBlock" */ = {
			isa = XCConfigurationList;
			buildConfigurations = (
				FE067BDA21FCC447000EDB5D /* Debug */,
				FE067BDB21FCC447000EDB5D /* Release */,
			);
			defaultConfigurationIsVisible = 0;
			defaultConfigurationName = Release;
		};
		FE067BDC21FCC447000EDB5D /* Build configuration list for PBXNativeTarget "SecureBlock" */ = {
			isa = XCConfigurationList;
			buildConfigurations = (
				FE067BDD21FCC447000EDB5D /* Debug */,
				FE067BDE21FCC447000EDB5D /* Release */,
			);
			defaultConfigurationIsVisible = 0;
			defaultConfigurationName = Release;
		};
		FE067BDF21FCC447000EDB5D /* Build configuration list for PBXNativeTarget "SecureBlockTests" */ = {
			isa = XCConfigurationList;
			buildConfigurations = (
				FE067BE021FCC447000EDB5D /* Debug */,
				FE067BE121FCC447000EDB5D /* Release */,
			);
			defaultConfigurationIsVisible = 0;
			defaultConfigurationName = Release;
		};
		FE067BE221FCC447000EDB5D /* Build configuration list for PBXNativeTarget "SecureBlockUITests" */ = {
			isa = XCConfigurationList;
			buildConfigurations = (
				FE067BE321FCC447000EDB5D /* Debug */,
				FE067BE421FCC447000EDB5D /* Release */,
			);
			defaultConfigurationIsVisible = 0;
			defaultConfigurationName = Release;
		};
/* End XCConfigurationList section */
	};
	rootObject = FE067BAC21FCC445000EDB5D /* Project object */;
}
